
Microsoft Visual Studio Solution File, Format Version 12.00
# Visual Studio Version 16
VisualStudioVersion = 16.0.30128.74
MinimumVisualStudioVersion = 10.0.40219.1
Project("{2150E333-8FDC-42A3-9474-1A3956D46DE8}") = "src", "src", "{0CCD7CAA-6CF4-4826-8EE2-7C1E23D598C5}"
EndProject
Project("{2150E333-8FDC-42A3-9474-1A3956D46DE8}") = "Catalog", "Catalog", "{F4CEBC74-02F7-46D1-9388-369EBE13F429}"
EndProject
Project("{9A19103F-16F7-4668-BE54-9A1E7A4F7556}") = "Catalog.API", "src\Catalog\Catalog.API\Catalog.API.csproj", "{BF042124-EB90-4083-98B4-0CFE7EDA5FD1}"
EndProject
Project("{E53339B2-1760-4266-BCC7-CA923CBCF16C}") = "docker-compose", "docker-compose.dcproj", "{0809E5C2-AE4B-4A94-A444-C2B1B983CEC6}"
EndProject
Project("{2150E333-8FDC-42A3-9474-1A3956D46DE8}") = "Basket", "Basket", "{EE92946B-5E63-4EE7-838A-225643168B2B}"
EndProject
Project("{9A19103F-16F7-4668-BE54-9A1E7A4F7556}") = "Basket.API", "src\Basket\Basket.API\Basket.API.csproj", "{635A8697-23C3-462C-BA20-4FC6314272C7}"
EndProject
Project("{2150E333-8FDC-42A3-9474-1A3956D46DE8}") = "Common", "Common", "{8479C08C-BD76-4915-ADE6-47DE06CB654C}"
EndProject
Project("{FAE04EC0-301F-11D3-BF4B-00C04F79EFBC}") = "EventBusRabbitMQ", "src\Common\EventBusRabbitMQ\EventBusRabbitMQ.csproj", "{E28A0012-CC6B-49F4-B450-469D3E6A36BB}"
EndProject
Global
	GlobalSection(SolutionConfigurationPlatforms) = preSolution
		Debug|Any CPU = Debug|Any CPU
		Release|Any CPU = Release|Any CPU
	EndGlobalSection
	GlobalSection(ProjectConfigurationPlatforms) = postSolution
		{BF042124-EB90-4083-98B4-0CFE7EDA5FD1}.Debug|Any CPU.ActiveCfg = Debug|Any CPU
		{BF042124-EB90-4083-98B4-0CFE7EDA5FD1}.Debug|Any CPU.Build.0 = Debug|Any CPU
		{BF042124-EB90-4083-98B4-0CFE7EDA5FD1}.Release|Any CPU.ActiveCfg = Release|Any CPU
		{BF042124-EB90-4083-98B4-0CFE7EDA5FD1}.Release|Any CPU.Build.0 = Release|Any CPU
		{0809E5C2-AE4B-4A94-A444-C2B1B983CEC6}.Debug|Any CPU.ActiveCfg = Debug|Any CPU
		{0809E5C2-AE4B-4A94-A444-C2B1B983CEC6}.Debug|Any CPU.Build.0 = Debug|Any CPU
		{0809E5C2-AE4B-4A94-A444-C2B1B983CEC6}.Release|Any CPU.ActiveCfg = Release|Any CPU
		{0809E5C2-AE4B-4A94-A444-C2B1B983CEC6}.Release|Any CPU.Build.0 = Release|Any CPU
		{635A8697-23C3-462C-BA20-4FC6314272C7}.Debug|Any CPU.ActiveCfg = Debug|Any CPU
		{635A8697-23C3-462C-BA20-4FC6314272C7}.Debug|Any CPU.Build.0 = Debug|Any CPU
		{635A8697-23C3-462C-BA20-4FC6314272C7}.Release|Any CPU.ActiveCfg = Release|Any CPU
		{635A8697-23C3-462C-BA20-4FC6314272C7}.Release|Any CPU.Build.0 = Release|Any CPU
		{E28A0012-CC6B-49F4-B450-469D3E6A36BB}.Debug|Any CPU.ActiveCfg = Debug|Any CPU
		{E28A0012-CC6B-49F4-B450-469D3E6A36BB}.Debug|Any CPU.Build.0 = Debug|Any CPU
		{E28A0012-CC6B-49F4-B450-469D3E6A36BB}.Release|Any CPU.ActiveCfg = Release|Any CPU
		{E28A0012-CC6B-49F4-B450-469D3E6A36BB}.Release|Any CPU.Build.0 = Release|Any CPU
	EndGlobalSection
	GlobalSection(SolutionProperties) = preSolution
		HideSolutionNode = FALSE
	EndGlobalSection
	GlobalSection(NestedProjects) = preSolution
		{F4CEBC74-02F7-46D1-9388-369EBE13F429} = {0CCD7CAA-6CF4-4826-8EE2-7C1E23D598C5}
		{BF042124-EB90-4083-98B4-0CFE7EDA5FD1} = {F4CEBC74-02F7-46D1-9388-369EBE13F429}
		{EE92946B-5E63-4EE7-838A-225643168B2B} = {0CCD7CAA-6CF4-4826-8EE2-7C1E23D598C5}
		{635A8697-23C3-462C-BA20-4FC6314272C7} = {EE92946B-5E63-4EE7-838A-225643168B2B}
		{8479C08C-BD76-4915-ADE6-47DE06CB654C} = {0CCD7CAA-6CF4-4826-8EE2-7C1E23D598C5}
		{E28A0012-CC6B-49F4-B450-469D3E6A36BB} = {8479C08C-BD76-4915-ADE6-47DE06CB654C}
	EndGlobalSection
	GlobalSection(ExtensibilityGlobals) = postSolution
		SolutionGuid = {84A88885-A658-4A76-B1A7-1053418F20D6}
	EndGlobalSection
EndGlobal
